
Microsoft Visual Studio Solution File, Format Version 12.00
# Visual Studio Version 17
VisualStudioVersion = 17.2.32630.192
MinimumVisualStudioVersion = 10.0.40219.1
Project("{FAE04EC0-301F-11D3-BF4B-00C04F79EFBC}") = "HumanResourceManagementSystem", "HumanResourceManagementSystem\HumanResourceManagementSystem.csproj", "{1EFCBCDE-A16A-4808-9E95-5F20DF2CB998}"
EndProject
Global
	GlobalSection(SolutionConfigurationPlatforms) = preSolution
		Debug|Any CPU = Debug|Any CPU
		Release|Any CPU = Release|Any CPU
	EndGlobalSection
	GlobalSection(ProjectConfigurationPlatforms) = postSolution
		{1EFCBCDE-A16A-4808-9E95-5F20DF2CB998}.Debug|Any CPU.ActiveCfg = Debug|Any CPU
		{1EFCBCDE-A16A-4808-9E95-5F20DF2CB998}.Debug|Any CPU.Build.0 = Debug|Any CPU
		{1EFCBCDE-A16A-4808-9E95-5F20DF2CB998}.Release|Any CPU.ActiveCfg = Release|Any CPU
		{1EFCBCDE-A16A-4808-9E95-5F20DF2CB998}.Release|Any CPU.Build.0 = Release|Any CPU
	EndGlobalSection
	GlobalSection(SolutionProperties) = preSolution
		HideSolutionNode = FALSE
	EndGlobalSection
	GlobalSection(ExtensibilityGlobals) = postSolution
		SolutionGuid = {E70FE1C8-F788-4DBA-8814-75D2506D7511}
	EndGlobalSection
EndGlobal
